
Microsoft Visual Studio Solution File, Format Version 12.00
# Visual Studio Version 16
VisualStudioVersion = 16.0.29519.87
MinimumVisualStudioVersion = 10.0.40219.1
Project("{8BC9CEB8-8B4A-11D0-8D11-00A0C91BC942}") = "FactoryMethod", "FactoryMethod\FactoryMethod.vcxproj", "{9B8A8F3F-DF1A-406E-9104-59A36C680E04}"
EndProject
Project("{8BC9CEB8-8B4A-11D0-8D11-00A0C91BC942}") = "AbstractFactory", "AbstractFactory\AbstractFactory.vcxproj", "{2DAB3962-6B88-4DD1-96B7-67C3B12110A1}"
EndProject
Project("{8BC9CEB8-8B4A-11D0-8D11-00A0C91BC942}") = "Builder", "Builder\Builder.vcxproj", "{E98AECB1-A7A6-487C-A927-EAD5E7B9CCB6}"
EndProject
Project("{8BC9CEB8-8B4A-11D0-8D11-00A0C91BC942}") = "Prototype", "Prototype\Prototype.vcxproj", "{56450EFD-B3BB-4073-A0E0-FFA1DADCF479}"
EndProject
Project("{8BC9CEB8-8B4A-11D0-8D11-00A0C91BC942}") = "Signleton", "Signleton\Signleton.vcxproj", "{85F3C1E7-2C37-4DEB-B687-40E0189539AF}"
EndProject
Project("{8BC9CEB8-8B4A-11D0-8D11-00A0C91BC942}") = "Adapter", "Adapter\Adapter.vcxproj", "{96F8E66B-EE0A-41BE-B192-8DA5954495B3}"
EndProject
Project("{8BC9CEB8-8B4A-11D0-8D11-00A0C91BC942}") = "Bridge", "Bridge\Bridge.vcxproj", "{E4E8E5CC-5FC9-45EC-A73C-09415B6AA155}"
EndProject
Project("{8BC9CEB8-8B4A-11D0-8D11-00A0C91BC942}") = "Composite", "Composite\Composite.vcxproj", "{28A2566A-A186-418E-8116-80EF07EAB4B7}"
EndProject
Project("{8BC9CEB8-8B4A-11D0-8D11-00A0C91BC942}") = "Decorator", "Decorator\Decorator.vcxproj", "{495EFF1D-DAE2-4CD7-B0FB-FBC3C999E5CD}"
EndProject
Project("{8BC9CEB8-8B4A-11D0-8D11-00A0C91BC942}") = "Facade", "Facade\Facade.vcxproj", "{C3068DEE-A430-4CE3-B963-55EADA982D5E}"
EndProject
Project("{8BC9CEB8-8B4A-11D0-8D11-00A0C91BC942}") = "Flyweight", "Flyweight\Flyweight.vcxproj", "{8FD1744B-B77E-406F-A109-EE527F645F30}"
EndProject
Project("{8BC9CEB8-8B4A-11D0-8D11-00A0C91BC942}") = "Proxy", "Proxy\Proxy.vcxproj", "{0B7B49D0-D2CF-49C5-B837-95EA824B5964}"
EndProject
Global
	GlobalSection(SolutionConfigurationPlatforms) = preSolution
		Debug|x64 = Debug|x64
		Debug|x86 = Debug|x86
		Release|x64 = Release|x64
		Release|x86 = Release|x86
	EndGlobalSection
	GlobalSection(ProjectConfigurationPlatforms) = postSolution
		{9B8A8F3F-DF1A-406E-9104-59A36C680E04}.Debug|x64.ActiveCfg = Debug|x64
		{9B8A8F3F-DF1A-406E-9104-59A36C680E04}.Debug|x64.Build.0 = Debug|x64
		{9B8A8F3F-DF1A-406E-9104-59A36C680E04}.Debug|x86.ActiveCfg = Debug|Win32
		{9B8A8F3F-DF1A-406E-9104-59A36C680E04}.Debug|x86.Build.0 = Debug|Win32
		{9B8A8F3F-DF1A-406E-9104-59A36C680E04}.Release|x64.ActiveCfg = Release|x64
		{9B8A8F3F-DF1A-406E-9104-59A36C680E04}.Release|x64.Build.0 = Release|x64
		{9B8A8F3F-DF1A-406E-9104-59A36C680E04}.Release|x86.ActiveCfg = Release|Win32
		{9B8A8F3F-DF1A-406E-9104-59A36C680E04}.Release|x86.Build.0 = Release|Win32
		{2DAB3962-6B88-4DD1-96B7-67C3B12110A1}.Debug|x64.ActiveCfg = Debug|x64
		{2DAB3962-6B88-4DD1-96B7-67C3B12110A1}.Debug|x64.Build.0 = Debug|x64
		{2DAB3962-6B88-4DD1-96B7-67C3B12110A1}.Debug|x86.ActiveCfg = Debug|Win32
		{2DAB3962-6B88-4DD1-96B7-67C3B12110A1}.Debug|x86.Build.0 = Debug|Win32
		{2DAB3962-6B88-4DD1-96B7-67C3B12110A1}.Release|x64.ActiveCfg = Release|x64
		{2DAB3962-6B88-4DD1-96B7-67C3B12110A1}.Release|x64.Build.0 = Release|x64
		{2DAB3962-6B88-4DD1-96B7-67C3B12110A1}.Release|x86.ActiveCfg = Release|Win32
		{2DAB3962-6B88-4DD1-96B7-67C3B12110A1}.Release|x86.Build.0 = Release|Win32
		{E98AECB1-A7A6-487C-A927-EAD5E7B9CCB6}.Debug|x64.ActiveCfg = Debug|x64
		{E98AECB1-A7A6-487C-A927-EAD5E7B9CCB6}.Debug|x64.Build.0 = Debug|x64
		{E98AECB1-A7A6-487C-A927-EAD5E7B9CCB6}.Debug|x86.ActiveCfg = Debug|Win32
		{E98AECB1-A7A6-487C-A927-EAD5E7B9CCB6}.Debug|x86.Build.0 = Debug|Win32
		{E98AECB1-A7A6-487C-A927-EAD5E7B9CCB6}.Release|x64.ActiveCfg = Release|x64
		{E98AECB1-A7A6-487C-A927-EAD5E7B9CCB6}.Release|x64.Build.0 = Release|x64
		{E98AECB1-A7A6-487C-A927-EAD5E7B9CCB6}.Release|x86.ActiveCfg = Release|Win32
		{E98AECB1-A7A6-487C-A927-EAD5E7B9CCB6}.Release|x86.Build.0 = Release|Win32
		{56450EFD-B3BB-4073-A0E0-FFA1DADCF479}.Debug|x64.ActiveCfg = Debug|x64
		{56450EFD-B3BB-4073-A0E0-FFA1DADCF479}.Debug|x64.Build.0 = Debug|x64
		{56450EFD-B3BB-4073-A0E0-FFA1DADCF479}.Debug|x86.ActiveCfg = Debug|Win32
		{56450EFD-B3BB-4073-A0E0-FFA1DADCF479}.Debug|x86.Build.0 = Debug|Win32
		{56450EFD-B3BB-4073-A0E0-FFA1DADCF479}.Release|x64.ActiveCfg = Release|x64
		{56450EFD-B3BB-4073-A0E0-FFA1DADCF479}.Release|x64.Build.0 = Release|x64
		{56450EFD-B3BB-4073-A0E0-FFA1DADCF479}.Release|x86.ActiveCfg = Release|Win32
		{56450EFD-B3BB-4073-A0E0-FFA1DADCF479}.Release|x86.Build.0 = Release|Win32
		{85F3C1E7-2C37-4DEB-B687-40E0189539AF}.Debug|x64.ActiveCfg = Debug|x64
		{85F3C1E7-2C37-4DEB-B687-40E0189539AF}.Debug|x64.Build.0 = Debug|x64
		{85F3C1E7-2C37-4DEB-B687-40E0189539AF}.Debug|x86.ActiveCfg = Debug|Win32
		{85F3C1E7-2C37-4DEB-B687-40E0189539AF}.Debug|x86.Build.0 = Debug|Win32
		{85F3C1E7-2C37-4DEB-B687-40E0189539AF}.Release|x64.ActiveCfg = Release|x64
		{85F3C1E7-2C37-4DEB-B687-40E0189539AF}.Release|x64.Build.0 = Release|x64
		{85F3C1E7-2C37-4DEB-B687-40E0189539AF}.Release|x86.ActiveCfg = Release|Win32
		{85F3C1E7-2C37-4DEB-B687-40E0189539AF}.Release|x86.Build.0 = Release|Win32
		{96F8E66B-EE0A-41BE-B192-8DA5954495B3}.Debug|x64.ActiveCfg = Debug|x64
		{96F8E66B-EE0A-41BE-B192-8DA5954495B3}.Debug|x64.Build.0 = Debug|x64
		{96F8E66B-EE0A-41BE-B192-8DA5954495B3}.Debug|x86.ActiveCfg = Debug|Win32
		{96F8E66B-EE0A-41BE-B192-8DA5954495B3}.Debug|x86.Build.0 = Debug|Win32
		{96F8E66B-EE0A-41BE-B192-8DA5954495B3}.Release|x64.ActiveCfg = Release|x64
		{96F8E66B-EE0A-41BE-B192-8DA5954495B3}.Release|x64.Build.0 = Release|x64
		{96F8E66B-EE0A-41BE-B192-8DA5954495B3}.Release|x86.ActiveCfg = Release|Win32
		{96F8E66B-EE0A-41BE-B192-8DA5954495B3}.Release|x86.Build.0 = Release|Win32
		{E4E8E5CC-5FC9-45EC-A73C-09415B6AA155}.Debug|x64.ActiveCfg = Debug|x64
		{E4E8E5CC-5FC9-45EC-A73C-09415B6AA155}.Debug|x64.Build.0 = Debug|x64
		{E4E8E5CC-5FC9-45EC-A73C-09415B6AA155}.Debug|x86.ActiveCfg = Debug|Win32
		{E4E8E5CC-5FC9-45EC-A73C-09415B6AA155}.Debug|x86.Build.0 = Debug|Win32
		{E4E8E5CC-5FC9-45EC-A73C-09415B6AA155}.Release|x64.ActiveCfg = Release|x64
		{E4E8E5CC-5FC9-45EC-A73C-09415B6AA155}.Release|x64.Build.0 = Release|x64
		{E4E8E5CC-5FC9-45EC-A73C-09415B6AA155}.Release|x86.ActiveCfg = Release|Win32
		{E4E8E5CC-5FC9-45EC-A73C-09415B6AA155}.Release|x86.Build.0 = Release|Win32
		{28A2566A-A186-418E-8116-80EF07EAB4B7}.Debug|x64.ActiveCfg = Debug|x64
		{28A2566A-A186-418E-8116-80EF07EAB4B7}.Debug|x64.Build.0 = Debug|x64
		{28A2566A-A186-418E-8116-80EF07EAB4B7}.Debug|x86.ActiveCfg = Debug|Win32
		{28A2566A-A186-418E-8116-80EF07EAB4B7}.Debug|x86.Build.0 = Debug|Win32
		{28A2566A-A186-418E-8116-80EF07EAB4B7}.Release|x64.ActiveCfg = Release|x64
		{28A2566A-A186-418E-8116-80EF07EAB4B7}.Release|x64.Build.0 = Release|x64
		{28A2566A-A186-418E-8116-80EF07EAB4B7}.Release|x86.ActiveCfg = Release|Win32
		{28A2566A-A186-418E-8116-80EF07EAB4B7}.Release|x86.Build.0 = Release|Win32
		{495EFF1D-DAE2-4CD7-B0FB-FBC3C999E5CD}.Debug|x64.ActiveCfg = Debug|x64
		{495EFF1D-DAE2-4CD7-B0FB-FBC3C999E5CD}.Debug|x64.Build.0 = Debug|x64
		{495EFF1D-DAE2-4CD7-B0FB-FBC3C999E5CD}.Debug|x86.ActiveCfg = Debug|Win32
		{495EFF1D-DAE2-4CD7-B0FB-FBC3C999E5CD}.Debug|x86.Build.0 = Debug|Win32
		{495EFF1D-DAE2-4CD7-B0FB-FBC3C999E5CD}.Release|x64.ActiveCfg = Release|x64
		{495EFF1D-DAE2-4CD7-B0FB-FBC3C999E5CD}.Release|x64.Build.0 = Release|x64
		{495EFF1D-DAE2-4CD7-B0FB-FBC3C999E5CD}.Release|x86.ActiveCfg = Release|Win32
		{495EFF1D-DAE2-4CD7-B0FB-FBC3C999E5CD}.Release|x86.Build.0 = Release|Win32
		{C3068DEE-A430-4CE3-B963-55EADA982D5E}.Debug|x64.ActiveCfg = Debug|x64
		{C3068DEE-A430-4CE3-B963-55EADA982D5E}.Debug|x64.Build.0 = Debug|x64
		{C3068DEE-A430-4CE3-B963-55EADA982D5E}.Debug|x86.ActiveCfg = Debug|Win32
		{C3068DEE-A430-4CE3-B963-55EADA982D5E}.Debug|x86.Build.0 = Debug|Win32
		{C3068DEE-A430-4CE3-B963-55EADA982D5E}.Release|x64.ActiveCfg = Release|x64
		{C3068DEE-A430-4CE3-B963-55EADA982D5E}.Release|x64.Build.0 = Release|x64
		{C3068DEE-A430-4CE3-B963-55EADA982D5E}.Release|x86.ActiveCfg = Release|Win32
		{C3068DEE-A430-4CE3-B963-55EADA982D5E}.Release|x86.Build.0 = Release|Win32
		{8FD1744B-B77E-406F-A109-EE527F645F30}.Debug|x64.ActiveCfg = Debug|x64
		{8FD1744B-B77E-406F-A109-EE527F645F30}.Debug|x64.Build.0 = Debug|x64
		{8FD1744B-B77E-406F-A109-EE527F645F30}.Debug|x86.ActiveCfg = Debug|Win32
		{8FD1744B-B77E-406F-A109-EE527F645F30}.Debug|x86.Build.0 = Debug|Win32
		{8FD1744B-B77E-406F-A109-EE527F645F30}.Release|x64.ActiveCfg = Release|x64
		{8FD1744B-B77E-406F-A109-EE527F645F30}.Release|x64.Build.0 = Release|x64
		{8FD1744B-B77E-406F-A109-EE527F645F30}.Release|x86.ActiveCfg = Release|Win32
		{8FD1744B-B77E-406F-A109-EE527F645F30}.Release|x86.Build.0 = Release|Win32
		{0B7B49D0-D2CF-49C5-B837-95EA824B5964}.Debug|x64.ActiveCfg = Debug|x64
		{0B7B49D0-D2CF-49C5-B837-95EA824B5964}.Debug|x64.Build.0 = Debug|x64
		{0B7B49D0-D2CF-49C5-B837-95EA824B5964}.Debug|x86.ActiveCfg = Debug|Win32
		{0B7B49D0-D2CF-49C5-B837-95EA824B5964}.Debug|x86.Build.0 = Debug|Win32
		{0B7B49D0-D2CF-49C5-B837-95EA824B5964}.Release|x64.ActiveCfg = Release|x64
		{0B7B49D0-D2CF-49C5-B837-95EA824B5964}.Release|x64.Build.0 = Release|x64
		{0B7B49D0-D2CF-49C5-B837-95EA824B5964}.Release|x86.ActiveCfg = Release|Win32
		{0B7B49D0-D2CF-49C5-B837-95EA824B5964}.Release|x86.Build.0 = Release|Win32
	EndGlobalSection
	GlobalSection(SolutionProperties) = preSolution
		HideSolutionNode = FALSE
	EndGlobalSection
	GlobalSection(ExtensibilityGlobals) = postSolution
		SolutionGuid = {F7E86C03-A5B5-4EED-9AF2-71C6C20CC4B0}
	EndGlobalSection
EndGlobal
